// !$*UTF8*$!
{
	archiveVersion = 1;
	classes = {
	};
	objectVersion = 56;
	objects = {

/* Begin PBXBuildFile section */
		E11CB7402BB9928600D3924F /* Main.storyboard in Resources */ = {isa = PBXBuildFile; fileRef = E1ABA3CF2BB952A40056241E /* Main.storyboard */; };
		E11DD6542BB995F60029FD8C /* MobileEbitenViewControllerWithErrorHandling.m in Sources */ = {isa = PBXBuildFile; fileRef = E11DD6532BB995F60029FD8C /* MobileEbitenViewControllerWithErrorHandling.m */; };
		E11DD6572BB99C6C0029FD8C /* GameController.framework in Frameworks */ = {isa = PBXBuildFile; fileRef = E11CB73A2BB98F4B00D3924F /* GameController.framework */; };
		E1ABA3C82BB952A40056241E /* AppDelegate.m in Sources */ = {isa = PBXBuildFile; fileRef = E1ABA3C72BB952A40056241E /* AppDelegate.m */; };
		E1ABA3CB2BB952A40056241E /* SceneDelegate.m in Sources */ = {isa = PBXBuildFile; fileRef = E1ABA3CA2BB952A40056241E /* SceneDelegate.m */; };
		E1ABA3CE2BB952A40056241E /* ViewController.m in Sources */ = {isa = PBXBuildFile; fileRef = E1ABA3CD2BB952A40056241E /* ViewController.m */; };
		E1ABA3D32BB952A60056241E /* Assets.xcassets in Resources */ = {isa = PBXBuildFile; fileRef = E1ABA3D22BB952A60056241E /* Assets.xcassets */; };
		E1ABA3D62BB952A60056241E /* LaunchScreen.storyboard in Resources */ = {isa = PBXBuildFile; fileRef = E1ABA3D42BB952A60056241E /* LaunchScreen.storyboard */; };
		E1ABA3D92BB952A60056241E /* main.m in Sources */ = {isa = PBXBuildFile; fileRef = E1ABA3D82BB952A60056241E /* main.m */; };
		E1ABA3E12BB9829D0056241E /* Mobile.xcframework in Frameworks */ = {isa = PBXBuildFile; fileRef = E1ABA3E02BB9829D0056241E /* Mobile.xcframework */; };
/* End PBXBuildFile section */

/* Begin PBXFileReference section */
		E11CB7382BB98F3C00D3924F /* GLKit.framework */ = {isa = PBXFileReference; lastKnownFileType = wrapper.framework; name = GLKit.framework; path = System/Library/Frameworks/GLKit.framework; sourceTree = SDKROOT; };
		E11CB73A2BB98F4B00D3924F /* GameController.framework */ = {isa = PBXFileReference; lastKnownFileType = wrapper.framework; name = GameController.framework; path = System/Library/Frameworks/GameController.framework; sourceTree = SDKROOT; };
		E11CB73C2BB98F5300D3924F /* AVFoundation.framework */ = {isa = PBXFileReference; lastKnownFileType = wrapper.framework; name = AVFoundation.framework; path = System/Library/Frameworks/AVFoundation.framework; sourceTree = SDKROOT; };
		E11CB73E2BB9914000D3924F /* OpenGLES.framework */ = {isa = PBXFileReference; lastKnownFileType = wrapper.framework; name = OpenGLES.framework; path = System/Library/Frameworks/OpenGLES.framework; sourceTree = SDKROOT; };
		E11DD6532BB995F60029FD8C /* MobileEbitenViewControllerWithErrorHandling.m */ = {isa = PBXFileReference; lastKnownFileType = sourcecode.c.objc; path = MobileEbitenViewControllerWithErrorHandling.m; sourceTree = "<group>"; };
		E11DD6552BB9962C0029FD8C /* MobileEbitenViewControllerWithErrorHandling.h */ = {isa = PBXFileReference; lastKnownFileType = sourcecode.c.h; path = MobileEbitenViewControllerWithErrorHandling.h; sourceTree = "<group>"; };
		E1ABA3C32BB952A40056241E /* ios.app */ = {isa = PBXFileReference; explicitFileType = wrapper.application; includeInIndex = 0; path = ios.app; sourceTree = BUILT_PRODUCTS_DIR; };
		E1ABA3C62BB952A40056241E /* AppDelegate.h */ = {isa = PBXFileReference; lastKnownFileType = sourcecode.c.h; path = AppDelegate.h; sourceTree = "<group>"; };
		E1ABA3C72BB952A40056241E /* AppDelegate.m */ = {isa = PBXFileReference; lastKnownFileType = sourcecode.c.objc; path = AppDelegate.m; sourceTree = "<group>"; };
		E1ABA3C92BB952A40056241E /* SceneDelegate.h */ = {isa = PBXFileReference; lastKnownFileType = sourcecode.c.h; path = SceneDelegate.h; sourceTree = "<group>"; };
		E1ABA3CA2BB952A40056241E /* SceneDelegate.m */ = {isa = PBXFileReference; lastKnownFileType = sourcecode.c.objc; path = SceneDelegate.m; sourceTree = "<group>"; };
		E1ABA3CC2BB952A40056241E /* ViewController.h */ = {isa = PBXFileReference; lastKnownFileType = sourcecode.c.h; path = ViewController.h; sourceTree = "<group>"; };
		E1ABA3CD2BB952A40056241E /* ViewController.m */ = {isa = PBXFileReference; lastKnownFileType = sourcecode.c.objc; path = ViewController.m; sourceTree = "<group>"; };
		E1ABA3D02BB952A40056241E /* Base */ = {isa = PBXFileReference; lastKnownFileType = file.storyboard; name = Base; path = Base.lproj/Main.storyboard; sourceTree = "<group>"; };
		E1ABA3D22BB952A60056241E /* Assets.xcassets */ = {isa = PBXFileReference; lastKnownFileType = folder.assetcatalog; path = Assets.xcassets; sourceTree = "<group>"; };
		E1ABA3D52BB952A60056241E /* Base */ = {isa = PBXFileReference; lastKnownFileType = file.storyboard; name = Base; path = Base.lproj/LaunchScreen.storyboard; sourceTree = "<group>"; };
		E1ABA3D72BB952A60056241E /* Info.plist */ = {isa = PBXFileReference; lastKnownFileType = text.plist.xml; path = Info.plist; sourceTree = "<group>"; };
		E1ABA3D82BB952A60056241E /* main.m */ = {isa = PBXFileReference; lastKnownFileType = sourcecode.c.objc; path = main.m; sourceTree = "<group>"; };
		E1ABA3E02BB9829D0056241E /* Mobile.xcframework */ = {isa = PBXFileReference; lastKnownFileType = wrapper.xcframework; path = Mobile.xcframework; sourceTree = "<group>"; };
/* End PBXFileReference section */

/* Begin PBXFrameworksBuildPhase section */
		E1ABA3C02BB952A40056241E /* Frameworks */ = {
			isa = PBXFrameworksBuildPhase;
			buildActionMask = 2147483647;
			files = (
				E1ABA3E12BB9829D0056241E /* Mobile.xcframework in Frameworks */,
				E11DD6572BB99C6C0029FD8C /* GameController.framework in Frameworks */,
			);
			runOnlyForDeploymentPostprocessing = 0;
		};
/* End PBXFrameworksBuildPhase section */

/* Begin PBXGroup section */
		E1ABA3BA2BB952A40056241E = {
			isa = PBXGroup;
			children = (
				E1ABA3C52BB952A40056241E /* ios */,
				E1ABA3C42BB952A40056241E /* Products */,
				E1ABA3DF2BB9829C0056241E /* Frameworks */,
			);
			sourceTree = "<group>";
		};
		E1ABA3C42BB952A40056241E /* Products */ = {
			isa = PBXGroup;
			children = (
				E1ABA3C32BB952A40056241E /* ios.app */,
			);
			name = Products;
			sourceTree = "<group>";
		};
		E1ABA3C52BB952A40056241E /* ios */ = {
			isa = PBXGroup;
			children = (
				E1ABA3C62BB952A40056241E /* AppDelegate.h */,
				E1ABA3C72BB952A40056241E /* AppDelegate.m */,
				E1ABA3C92BB952A40056241E /* SceneDelegate.h */,
				E1ABA3CA2BB952A40056241E /* SceneDelegate.m */,
				E1ABA3CC2BB952A40056241E /* ViewController.h */,
				E1ABA3CD2BB952A40056241E /* ViewController.m */,
				E1ABA3CF2BB952A40056241E /* Main.storyboard */,
				E11DD6532BB995F60029FD8C /* MobileEbitenViewControllerWithErrorHandling.m */,
				E11DD6552BB9962C0029FD8C /* MobileEbitenViewControllerWithErrorHandling.h */,
				E1ABA3D22BB952A60056241E /* Assets.xcassets */,
				E1ABA3D42BB952A60056241E /* LaunchScreen.storyboard */,
				E1ABA3D72BB952A60056241E /* Info.plist */,
				E1ABA3D82BB952A60056241E /* main.m */,
			);
			path = ios;
			sourceTree = "<group>";
		};
		E1ABA3DF2BB9829C0056241E /* Frameworks */ = {
			isa = PBXGroup;
			children = (
				E11CB73E2BB9914000D3924F /* OpenGLES.framework */,
				E11CB73C2BB98F5300D3924F /* AVFoundation.framework */,
				E11CB73A2BB98F4B00D3924F /* GameController.framework */,
				E11CB7382BB98F3C00D3924F /* GLKit.framework */,
				E1ABA3E02BB9829D0056241E /* Mobile.xcframework */,
			);
			name = Frameworks;
			sourceTree = "<group>";
		};
/* End PBXGroup section */

/* Begin PBXNativeTarget section */
		E1ABA3C22BB952A40056241E /* ios */ = {
			isa = PBXNativeTarget;
			buildConfigurationList = E1ABA3DC2BB952A60056241E /* Build configuration list for PBXNativeTarget "ios" */;
			buildPhases = (
				E1ABA3BF2BB952A40056241E /* Sources */,
				E1ABA3C02BB952A40056241E /* Frameworks */,
				E1ABA3C12BB952A40056241E /* Resources */,
			);
			buildRules = (
			);
			dependencies = (
			);
			name = ios;
			productName = ios;
			productReference = E1ABA3C32BB952A40056241E /* ios.app */;
			productType = "com.apple.product-type.application";
		};
/* End PBXNativeTarget section */

/* Begin PBXProject section */
		E1ABA3BB2BB952A40056241E /* Project object */ = {
			isa = PBXProject;
			attributes = {
				BuildIndependentTargetsInParallel = 1;
				LastUpgradeCheck = 1430;
				TargetAttributes = {
					E1ABA3C22BB952A40056241E = {
						CreatedOnToolsVersion = 14.3;
					};
				};
			};
			buildConfigurationList = E1ABA3BE2BB952A40056241E /* Build configuration list for PBXProject "ios" */;
			compatibilityVersion = "Xcode 14.0";
			developmentRegion = en;
			hasScannedForEncodings = 0;
			knownRegions = (
				en,
				Base,
			);
			mainGroup = E1ABA3BA2BB952A40056241E;
			productRefGroup = E1ABA3C42BB952A40056241E /* Products */;
			projectDirPath = "";
			projectRoot = "";
			targets = (
				E1ABA3C22BB952A40056241E /* ios */,
			);
		};
/* End PBXProject section */

/* Begin PBXResourcesBuildPhase section */
		E1ABA3C12BB952A40056241E /* Resources */ = {
			isa = PBXResourcesBuildPhase;
			buildActionMask = 2147483647;
			files = (
				E11CB7402BB9928600D3924F /* Main.storyboard in Resources */,
				E1ABA3D62BB952A60056241E /* LaunchScreen.storyboard in Resources */,
				E1ABA3D32BB952A60056241E /* Assets.xcassets in Resources */,
			);
			runOnlyForDeploymentPostprocessing = 0;
		};
/* End PBXResourcesBuildPhase section */

/* Begin PBXSourcesBuildPhase section */
		E1ABA3BF2BB952A40056241E /* Sources */ = {
			isa = PBXSourcesBuildPhase;
			buildActionMask = 2147483647;
			files = (
				E11DD6542BB995F60029FD8C /* MobileEbitenViewControllerWithErrorHandling.m in Sources */,
				E1ABA3CE2BB952A40056241E /* ViewController.m in Sources */,
				E1ABA3C82BB952A40056241E /* AppDelegate.m in Sources */,
				E1ABA3D92BB952A60056241E /* main.m in Sources */,
				E1ABA3CB2BB952A40056241E /* SceneDelegate.m in Sources */,
			);
			runOnlyForDeploymentPostprocessing = 0;
		};
/* End PBXSourcesBuildPhase section */

/* Begin PBXVariantGroup section */
		E1ABA3CF2BB952A40056241E /* Main.storyboard */ = {
			isa = PBXVariantGroup;
			children = (
				E1ABA3D02BB952A40056241E /* Base */,
			);
			name = Main.storyboard;
			sourceTree = "<group>";
		};
		E1ABA3D42BB952A60056241E /* LaunchScreen.storyboard */ = {
			isa = PBXVariantGroup;
			children = (
				E1ABA3D52BB952A60056241E /* Base */,
			);
			name = LaunchScreen.storyboard;
			sourceTree = "<group>";
		};
/* End PBXVariantGroup section */

/* Begin XCBuildConfiguration section */
		E1ABA3DA2BB952A60056241E /* Debug */ = {
			isa = XCBuildConfiguration;
			buildSettings = {
				ALWAYS_SEARCH_USER_PATHS = NO;
				CLANG_ANALYZER_NONNULL = YES;
				CLANG_ANALYZER_NUMBER_OBJECT_CONVERSION = YES_AGGRESSIVE;
				CLANG_CXX_LANGUAGE_STANDARD = "gnu++20";
				CLANG_ENABLE_MODULES = YES;
				CLANG_ENABLE_OBJC_ARC = YES;
				CLANG_ENABLE_OBJC_WEAK = YES;
				CLANG_WARN_BLOCK_CAPTURE_AUTORELEASING = YES;
				CLANG_WARN_BOOL_CONVERSION = YES;
				CLANG_WARN_COMMA = YES;
				CLANG_WARN_CONSTANT_CONVERSION = YES;
				CLANG_WARN_DEPRECATED_OBJC_IMPLEMENTATIONS = YES;
				CLANG_WARN_DIRECT_OBJC_ISA_USAGE = YES_ERROR;
				CLANG_WARN_DOCUMENTATION_COMMENTS = YES;
				CLANG_WARN_EMPTY_BODY = YES;
				CLANG_WARN_ENUM_CONVERSION = YES;
				CLANG_WARN_INFINITE_RECURSION = YES;
				CLANG_WARN_INT_CONVERSION = YES;
				CLANG_WARN_NON_LITERAL_NULL_CONVERSION = YES;
				CLANG_WARN_OBJC_IMPLICIT_RETAIN_SELF = YES;
				CLANG_WARN_OBJC_LITERAL_CONVERSION = YES;
				CLANG_WARN_OBJC_ROOT_CLASS = YES_ERROR;
				CLANG_WARN_QUOTED_INCLUDE_IN_FRAMEWORK_HEADER = YES;
				CLANG_WARN_RANGE_LOOP_ANALYSIS = YES;
				CLANG_WARN_STRICT_PROTOTYPES = YES;
				CLANG_WARN_SUSPICIOUS_MOVE = YES;
				CLANG_WARN_UNGUARDED_AVAILABILITY = YES_AGGRESSIVE;
				CLANG_WARN_UNREACHABLE_CODE = YES;
				CLANG_WARN__DUPLICATE_METHOD_MATCH = YES;
				COPY_PHASE_STRIP = NO;
				DEBUG_INFORMATION_FORMAT = dwarf;
				ENABLE_STRICT_OBJC_MSGSEND = YES;
				ENABLE_TESTABILITY = YES;
				GCC_C_LANGUAGE_STANDARD = gnu11;
				GCC_DYNAMIC_NO_PIC = NO;
				GCC_NO_COMMON_BLOCKS = YES;
				GCC_OPTIMIZATION_LEVEL = 0;
				GCC_PREPROCESSOR_DEFINITIONS = (
					"DEBUG=1",
					"$(inherited)",
				);
				GCC_WARN_64_TO_32_BIT_CONVERSION = YES;
				GCC_WARN_ABOUT_RETURN_TYPE = YES_ERROR;
				GCC_WARN_UNDECLARED_SELECTOR = YES;
				GCC_WARN_UNINITIALIZED_AUTOS = YES_AGGRESSIVE;
				GCC_WARN_UNUSED_FUNCTION = YES;
				GCC_WARN_UNUSED_VARIABLE = YES;
				IPHONEOS_DEPLOYMENT_TARGET = 16.4;
				MTL_ENABLE_DEBUG_INFO = INCLUDE_SOURCE;
				MTL_FAST_MATH = YES;
				ONLY_ACTIVE_ARCH = YES;
				SDKROOT = iphoneos;
			};
			name = Debug;
		};
		E1ABA3DB2BB952A60056241E /* Release */ = {
			isa = XCBuildConfiguration;
			buildSettings = {
				ALWAYS_SEARCH_USER_PATHS = NO;
				CLANG_ANALYZER_NONNULL = YES;
				CLANG_ANALYZER_NUMBER_OBJECT_CONVERSION = YES_AGGRESSIVE;
				CLANG_CXX_LANGUAGE_STANDARD = "gnu++20";
				CLANG_ENABLE_MODULES = YES;
				CLANG_ENABLE_OBJC_ARC = YES;
				CLANG_ENABLE_OBJC_WEAK = YES;
				CLANG_WARN_BLOCK_CAPTURE_AUTORELEASING = YES;
				CLANG_WARN_BOOL_CONVERSION = YES;
				CLANG_WARN_COMMA = YES;
				CLANG_WARN_CONSTANT_CONVERSION = YES;
				CLANG_WARN_DEPRECATED_OBJC_IMPLEMENTATIONS = YES;
				CLANG_WARN_DIRECT_OBJC_ISA_USAGE = YES_ERROR;
				CLANG_WARN_DOCUMENTATION_COMMENTS = YES;
				CLANG_WARN_EMPTY_BODY = YES;
				CLANG_WARN_ENUM_CONVERSION = YES;
				CLANG_WARN_INFINITE_RECURSION = YES;
				CLANG_WARN_INT_CONVERSION = YES;
				CLANG_WARN_NON_LITERAL_NULL_CONVERSION = YES;
				CLANG_WARN_OBJC_IMPLICIT_RETAIN_SELF = YES;
				CLANG_WARN_OBJC_LITERAL_CONVERSION = YES;
				CLANG_WARN_OBJC_ROOT_CLASS = YES_ERROR;
				CLANG_WARN_QUOTED_INCLUDE_IN_FRAMEWORK_HEADER = YES;
				CLANG_WARN_RANGE_LOOP_ANALYSIS = YES;
				CLANG_WARN_STRICT_PROTOTYPES = YES;
				CLANG_WARN_SUSPICIOUS_MOVE = YES;
				CLANG_WARN_UNGUARDED_AVAILABILITY = YES_AGGRESSIVE;
				CLANG_WARN_UNREACHABLE_CODE = YES;
				CLANG_WARN__DUPLICATE_METHOD_MATCH = YES;
				COPY_PHASE_STRIP = NO;
				DEBUG_INFORMATION_FORMAT = "dwarf-with-dsym";
				ENABLE_NS_ASSERTIONS = NO;
				ENABLE_STRICT_OBJC_MSGSEND = YES;
				GCC_C_LANGUAGE_STANDARD = gnu11;
				GCC_NO_COMMON_BLOCKS = YES;
				GCC_WARN_64_TO_32_BIT_CONVERSION = YES;
				GCC_WARN_ABOUT_RETURN_TYPE = YES_ERROR;
				GCC_WARN_UNDECLARED_SELECTOR = YES;
				GCC_WARN_UNINITIALIZED_AUTOS = YES_AGGRESSIVE;
				GCC_WARN_UNUSED_FUNCTION = YES;
				GCC_WARN_UNUSED_VARIABLE = YES;
				IPHONEOS_DEPLOYMENT_TARGET = 16.4;
				MTL_ENABLE_DEBUG_INFO = NO;
				MTL_FAST_MATH = YES;
				SDKROOT = iphoneos;
				VALIDATE_PRODUCT = YES;
			};
			name = Release;
		};
		E1ABA3DD2BB952A60056241E /* Debug */ = {
			isa = XCBuildConfiguration;
			buildSettings = {
				ASSETCATALOG_COMPILER_APPICON_NAME = AppIcon;
				ASSETCATALOG_COMPILER_GLOBAL_ACCENT_COLOR_NAME = AccentColor;
				CODE_SIGN_STYLE = Automatic;
				CURRENT_PROJECT_VERSION = 1;
				DEVELOPMENT_TEAM = 9DV7HHTL73;
				GENERATE_INFOPLIST_FILE = YES;
				INFOPLIST_FILE = ios/Info.plist;
				INFOPLIST_KEY_UIApplicationSupportsIndirectInputEvents = YES;
				INFOPLIST_KEY_UILaunchStoryboardName = LaunchScreen;
				INFOPLIST_KEY_UIMainStoryboardFile = Main;
				INFOPLIST_KEY_UISupportedInterfaceOrientations_iPad = "UIInterfaceOrientationPortrait UIInterfaceOrientationPortraitUpsideDown UIInterfaceOrientationLandscapeLeft UIInterfaceOrientationLandscapeRight";
				INFOPLIST_KEY_UISupportedInterfaceOrientations_iPhone = "UIInterfaceOrientationPortrait UIInterfaceOrientationLandscapeLeft UIInterfaceOrientationLandscapeRight";
				LD_RUNPATH_SEARCH_PATHS = (
					"$(inherited)",
					"@executable_path/Frameworks",
				);
				MARKETING_VERSION = 1.0;
				PRODUCT_BUNDLE_IDENTIFIER = link.kokoichi.catgame.ios;
				PRODUCT_NAME = "$(TARGET_NAME)";
				SWIFT_EMIT_LOC_STRINGS = YES;
				TARGETED_DEVICE_FAMILY = "1,2";
			};
			name = Debug;
		};
		E1ABA3DE2BB952A60056241E /* Release */ = {
			isa = XCBuildConfiguration;
			buildSettings = {
				ASSETCATALOG_COMPILER_APPICON_NAME = AppIcon;
				ASSETCATALOG_COMPILER_GLOBAL_ACCENT_COLOR_NAME = AccentColor;
				CODE_SIGN_STYLE = Automatic;
				CURRENT_PROJECT_VERSION = 1;
				DEVELOPMENT_TEAM = 9DV7HHTL73;
				GENERATE_INFOPLIST_FILE = YES;
				INFOPLIST_FILE = ios/Info.plist;
				INFOPLIST_KEY_UIApplicationSupportsIndirectInputEvents = YES;
				INFOPLIST_KEY_UILaunchStoryboardName = LaunchScreen;
				INFOPLIST_KEY_UIMainStoryboardFile = Main;
				INFOPLIST_KEY_UISupportedInterfaceOrientations_iPad = "UIInterfaceOrientationPortrait UIInterfaceOrientationPortraitUpsideDown UIInterfaceOrientationLandscapeLeft UIInterfaceOrientationLandscapeRight";
				INFOPLIST_KEY_UISupportedInterfaceOrientations_iPhone = "UIInterfaceOrientationPortrait UIInterfaceOrientationLandscapeLeft UIInterfaceOrientationLandscapeRight";
				LD_RUNPATH_SEARCH_PATHS = (
					"$(inherited)",
					"@executable_path/Frameworks",
				);
				MARKETING_VERSION = 1.0;
				PRODUCT_BUNDLE_IDENTIFIER = link.kokoichi.catgame.ios;
				PRODUCT_NAME = "$(TARGET_NAME)";
				SWIFT_EMIT_LOC_STRINGS = YES;
				TARGETED_DEVICE_FAMILY = "1,2";
			};
			name = Release;
		};
/* End XCBuildConfiguration section */

/* Begin XCConfigurationList section */
		E1ABA3BE2BB952A40056241E /* Build configuration list for PBXProject "ios" */ = {
			isa = XCConfigurationList;
			buildConfigurations = (
				E1ABA3DA2BB952A60056241E /* Debug */,
				E1ABA3DB2BB952A60056241E /* Release */,
			);
			defaultConfigurationIsVisible = 0;
			defaultConfigurationName = Release;
		};
		E1ABA3DC2BB952A60056241E /* Build configuration list for PBXNativeTarget "ios" */ = {
			isa = XCConfigurationList;
			buildConfigurations = (
				E1ABA3DD2BB952A60056241E /* Debug */,
				E1ABA3DE2BB952A60056241E /* Release */,
			);
			defaultConfigurationIsVisible = 0;
			defaultConfigurationName = Release;
		};
/* End XCConfigurationList section */
	};
	rootObject = E1ABA3BB2BB952A40056241E /* Project object */;
}
